// !$*UTF8*$!
{
	archiveVersion = 1;
	classes = {
	};
	objectVersion = 56;
	objects = {

/* Begin PBXBuildFile section */
		084A13778635F4DDB9EEFD44 /* Pods_Neobis_IOS_ToDoApp_Neobis_IOS_ToDoAppUITests.framework in Frameworks */ = {isa = PBXBuildFile; fileRef = 02D30753EB001BF845AD70EC /* Pods_Neobis_IOS_ToDoApp_Neobis_IOS_ToDoAppUITests.framework */; };
		7275975DF32F1EE27021F62E /* Pods_Neobis_IOS_ToDoAppTests.framework in Frameworks */ = {isa = PBXBuildFile; fileRef = CCC83FD309A686EB1097B86D /* Pods_Neobis_IOS_ToDoAppTests.framework */; };
		B628D3BD3056DC32637FB2A1 /* Pods_Neobis_IOS_ToDoApp.framework in Frameworks */ = {isa = PBXBuildFile; fileRef = D20DB9215EFDCB6C8EBE1563 /* Pods_Neobis_IOS_ToDoApp.framework */; };
		C683A21829DAE63700797535 /* MainScreenViewController.swift in Sources */ = {isa = PBXBuildFile; fileRef = C683A21729DAE63700797535 /* MainScreenViewController.swift */; };
		C683A21A29DAE94800797535 /* DetailScreenViewController.swift in Sources */ = {isa = PBXBuildFile; fileRef = C683A21929DAE94800797535 /* DetailScreenViewController.swift */; };
		C683A22529DB23AA00797535 /* MainScreenPresenter.swift in Sources */ = {isa = PBXBuildFile; fileRef = C683A22429DB23AA00797535 /* MainScreenPresenter.swift */; };
		C683A22729DB23BA00797535 /* ToDoModel.swift in Sources */ = {isa = PBXBuildFile; fileRef = C683A22629DB23BA00797535 /* ToDoModel.swift */; };
		C683A22B29DB252600797535 /* ToDoStorageService.swift in Sources */ = {isa = PBXBuildFile; fileRef = C683A22A29DB252600797535 /* ToDoStorageService.swift */; };
		C683A22D29DB6AD200797535 /* MainTableViewCell.swift in Sources */ = {isa = PBXBuildFile; fileRef = C683A22C29DB6AD200797535 /* MainTableViewCell.swift */; };
		C683A23129DC92E400797535 /* AssemblyBuilder.swift in Sources */ = {isa = PBXBuildFile; fileRef = C683A23029DC92E400797535 /* AssemblyBuilder.swift */; };
		C683A23329DC92E900797535 /* Router.swift in Sources */ = {isa = PBXBuildFile; fileRef = C683A23229DC92E900797535 /* Router.swift */; };
		C683A23529DC9D8C00797535 /* NavigationController.swift in Sources */ = {isa = PBXBuildFile; fileRef = C683A23429DC9D8C00797535 /* NavigationController.swift */; };
		C683A23729DCA8FF00797535 /* UDPropertyWrapper.swift in Sources */ = {isa = PBXBuildFile; fileRef = C683A23629DCA8FF00797535 /* UDPropertyWrapper.swift */; };
		C683A23929DCA9CC00797535 /* Resources.swift in Sources */ = {isa = PBXBuildFile; fileRef = C683A23829DCA9CC00797535 /* Resources.swift */; };
		C683A23E29DCE52A00797535 /* CustomElements.swift in Sources */ = {isa = PBXBuildFile; fileRef = C683A23D29DCE52A00797535 /* CustomElements.swift */; };
		C683A24229DCEA5F00797535 /* DetailScreenPresenter.swift in Sources */ = {isa = PBXBuildFile; fileRef = C683A24129DCEA5F00797535 /* DetailScreenPresenter.swift */; };
		C683A24429DD0A2700797535 /* MainTableViewFooter.swift in Sources */ = {isa = PBXBuildFile; fileRef = C683A24329DD0A2700797535 /* MainTableViewFooter.swift */; };
		C6D34EB629DADF8B00F769DB /* AppDelegate.swift in Sources */ = {isa = PBXBuildFile; fileRef = C6D34EB529DADF8B00F769DB /* AppDelegate.swift */; };
		C6D34EB829DADF8B00F769DB /* SceneDelegate.swift in Sources */ = {isa = PBXBuildFile; fileRef = C6D34EB729DADF8B00F769DB /* SceneDelegate.swift */; };
		C6D34EBF29DADF8C00F769DB /* Assets.xcassets in Resources */ = {isa = PBXBuildFile; fileRef = C6D34EBE29DADF8C00F769DB /* Assets.xcassets */; };
		C6D34EC229DADF8C00F769DB /* LaunchScreen.storyboard in Resources */ = {isa = PBXBuildFile; fileRef = C6D34EC029DADF8C00F769DB /* LaunchScreen.storyboard */; };
		C6D34ECD29DADF8C00F769DB /* Neobis_IOS_ToDoAppTests.swift in Sources */ = {isa = PBXBuildFile; fileRef = C6D34ECC29DADF8C00F769DB /* Neobis_IOS_ToDoAppTests.swift */; };
		C6D34ED729DADF8C00F769DB /* Neobis_IOS_ToDoAppUITests.swift in Sources */ = {isa = PBXBuildFile; fileRef = C6D34ED629DADF8C00F769DB /* Neobis_IOS_ToDoAppUITests.swift */; };
		C6D34ED929DADF8C00F769DB /* Neobis_IOS_ToDoAppUITestsLaunchTests.swift in Sources */ = {isa = PBXBuildFile; fileRef = C6D34ED829DADF8C00F769DB /* Neobis_IOS_ToDoAppUITestsLaunchTests.swift */; };
/* End PBXBuildFile section */

/* Begin PBXContainerItemProxy section */
		C6D34EC929DADF8C00F769DB /* PBXContainerItemProxy */ = {
			isa = PBXContainerItemProxy;
			containerPortal = C6D34EAA29DADF8B00F769DB /* Project object */;
			proxyType = 1;
			remoteGlobalIDString = C6D34EB129DADF8B00F769DB;
			remoteInfo = Neobis_IOS_ToDoApp;
		};
		C6D34ED329DADF8C00F769DB /* PBXContainerItemProxy */ = {
			isa = PBXContainerItemProxy;
			containerPortal = C6D34EAA29DADF8B00F769DB /* Project object */;
			proxyType = 1;
			remoteGlobalIDString = C6D34EB129DADF8B00F769DB;
			remoteInfo = Neobis_IOS_ToDoApp;
		};
/* End PBXContainerItemProxy section */

/* Begin PBXFileReference section */
		02D30753EB001BF845AD70EC /* Pods_Neobis_IOS_ToDoApp_Neobis_IOS_ToDoAppUITests.framework */ = {isa = PBXFileReference; explicitFileType = wrapper.framework; includeInIndex = 0; path = Pods_Neobis_IOS_ToDoApp_Neobis_IOS_ToDoAppUITests.framework; sourceTree = BUILT_PRODUCTS_DIR; };
		734C5C72E989F68B5A8FA746 /* Pods-Neobis_IOS_ToDoAppTests.release.xcconfig */ = {isa = PBXFileReference; includeInIndex = 1; lastKnownFileType = text.xcconfig; name = "Pods-Neobis_IOS_ToDoAppTests.release.xcconfig"; path = "Target Support Files/Pods-Neobis_IOS_ToDoAppTests/Pods-Neobis_IOS_ToDoAppTests.release.xcconfig"; sourceTree = "<group>"; };
		82149DE847691B3D79981D38 /* Pods-Neobis_IOS_ToDoApp.debug.xcconfig */ = {isa = PBXFileReference; includeInIndex = 1; lastKnownFileType = text.xcconfig; name = "Pods-Neobis_IOS_ToDoApp.debug.xcconfig"; path = "Target Support Files/Pods-Neobis_IOS_ToDoApp/Pods-Neobis_IOS_ToDoApp.debug.xcconfig"; sourceTree = "<group>"; };
		A6DD6030B0D6F74642844D4D /* Pods-Neobis_IOS_ToDoApp.release.xcconfig */ = {isa = PBXFileReference; includeInIndex = 1; lastKnownFileType = text.xcconfig; name = "Pods-Neobis_IOS_ToDoApp.release.xcconfig"; path = "Target Support Files/Pods-Neobis_IOS_ToDoApp/Pods-Neobis_IOS_ToDoApp.release.xcconfig"; sourceTree = "<group>"; };
		BA128BE7D2D2CAE1A75061FF /* Pods-Neobis_IOS_ToDoAppTests.debug.xcconfig */ = {isa = PBXFileReference; includeInIndex = 1; lastKnownFileType = text.xcconfig; name = "Pods-Neobis_IOS_ToDoAppTests.debug.xcconfig"; path = "Target Support Files/Pods-Neobis_IOS_ToDoAppTests/Pods-Neobis_IOS_ToDoAppTests.debug.xcconfig"; sourceTree = "<group>"; };
		C683A21729DAE63700797535 /* MainScreenViewController.swift */ = {isa = PBXFileReference; lastKnownFileType = sourcecode.swift; path = MainScreenViewController.swift; sourceTree = "<group>"; };
		C683A21929DAE94800797535 /* DetailScreenViewController.swift */ = {isa = PBXFileReference; lastKnownFileType = sourcecode.swift; path = DetailScreenViewController.swift; sourceTree = "<group>"; };
		C683A22429DB23AA00797535 /* MainScreenPresenter.swift */ = {isa = PBXFileReference; lastKnownFileType = sourcecode.swift; path = MainScreenPresenter.swift; sourceTree = "<group>"; };
		C683A22629DB23BA00797535 /* ToDoModel.swift */ = {isa = PBXFileReference; lastKnownFileType = sourcecode.swift; path = ToDoModel.swift; sourceTree = "<group>"; };
		C683A22A29DB252600797535 /* ToDoStorageService.swift */ = {isa = PBXFileReference; lastKnownFileType = sourcecode.swift; path = ToDoStorageService.swift; sourceTree = "<group>"; };
		C683A22C29DB6AD200797535 /* MainTableViewCell.swift */ = {isa = PBXFileReference; lastKnownFileType = sourcecode.swift; path = MainTableViewCell.swift; sourceTree = "<group>"; };
		C683A23029DC92E400797535 /* AssemblyBuilder.swift */ = {isa = PBXFileReference; lastKnownFileType = sourcecode.swift; path = AssemblyBuilder.swift; sourceTree = "<group>"; };
		C683A23229DC92E900797535 /* Router.swift */ = {isa = PBXFileReference; lastKnownFileType = sourcecode.swift; path = Router.swift; sourceTree = "<group>"; };
		C683A23429DC9D8C00797535 /* NavigationController.swift */ = {isa = PBXFileReference; lastKnownFileType = sourcecode.swift; path = NavigationController.swift; sourceTree = "<group>"; };
		C683A23629DCA8FF00797535 /* UDPropertyWrapper.swift */ = {isa = PBXFileReference; lastKnownFileType = sourcecode.swift; path = UDPropertyWrapper.swift; sourceTree = "<group>"; };
		C683A23829DCA9CC00797535 /* Resources.swift */ = {isa = PBXFileReference; lastKnownFileType = sourcecode.swift; path = Resources.swift; sourceTree = "<group>"; };
		C683A23D29DCE52A00797535 /* CustomElements.swift */ = {isa = PBXFileReference; lastKnownFileType = sourcecode.swift; path = CustomElements.swift; sourceTree = "<group>"; };
		C683A24129DCEA5F00797535 /* DetailScreenPresenter.swift */ = {isa = PBXFileReference; lastKnownFileType = sourcecode.swift; path = DetailScreenPresenter.swift; sourceTree = "<group>"; };
		C683A24329DD0A2700797535 /* MainTableViewFooter.swift */ = {isa = PBXFileReference; lastKnownFileType = sourcecode.swift; path = MainTableViewFooter.swift; sourceTree = "<group>"; };
		C6D34EB229DADF8B00F769DB /* Neobis_IOS_ToDoApp.app */ = {isa = PBXFileReference; explicitFileType = wrapper.application; includeInIndex = 0; path = Neobis_IOS_ToDoApp.app; sourceTree = BUILT_PRODUCTS_DIR; };
		C6D34EB529DADF8B00F769DB /* AppDelegate.swift */ = {isa = PBXFileReference; lastKnownFileType = sourcecode.swift; path = AppDelegate.swift; sourceTree = "<group>"; };
		C6D34EB729DADF8B00F769DB /* SceneDelegate.swift */ = {isa = PBXFileReference; lastKnownFileType = sourcecode.swift; path = SceneDelegate.swift; sourceTree = "<group>"; };
		C6D34EBE29DADF8C00F769DB /* Assets.xcassets */ = {isa = PBXFileReference; lastKnownFileType = folder.assetcatalog; path = Assets.xcassets; sourceTree = "<group>"; };
		C6D34EC129DADF8C00F769DB /* Base */ = {isa = PBXFileReference; lastKnownFileType = file.storyboard; name = Base; path = Base.lproj/LaunchScreen.storyboard; sourceTree = "<group>"; };
		C6D34EC329DADF8C00F769DB /* Info.plist */ = {isa = PBXFileReference; lastKnownFileType = text.plist.xml; path = Info.plist; sourceTree = "<group>"; };
		C6D34EC829DADF8C00F769DB /* Neobis_IOS_ToDoAppTests.xctest */ = {isa = PBXFileReference; explicitFileType = wrapper.cfbundle; includeInIndex = 0; path = Neobis_IOS_ToDoAppTests.xctest; sourceTree = BUILT_PRODUCTS_DIR; };
		C6D34ECC29DADF8C00F769DB /* Neobis_IOS_ToDoAppTests.swift */ = {isa = PBXFileReference; lastKnownFileType = sourcecode.swift; path = Neobis_IOS_ToDoAppTests.swift; sourceTree = "<group>"; };
		C6D34ED229DADF8C00F769DB /* Neobis_IOS_ToDoAppUITests.xctest */ = {isa = PBXFileReference; explicitFileType = wrapper.cfbundle; includeInIndex = 0; path = Neobis_IOS_ToDoAppUITests.xctest; sourceTree = BUILT_PRODUCTS_DIR; };
		C6D34ED629DADF8C00F769DB /* Neobis_IOS_ToDoAppUITests.swift */ = {isa = PBXFileReference; lastKnownFileType = sourcecode.swift; path = Neobis_IOS_ToDoAppUITests.swift; sourceTree = "<group>"; };
		C6D34ED829DADF8C00F769DB /* Neobis_IOS_ToDoAppUITestsLaunchTests.swift */ = {isa = PBXFileReference; lastKnownFileType = sourcecode.swift; path = Neobis_IOS_ToDoAppUITestsLaunchTests.swift; sourceTree = "<group>"; };
		C8A5211700213BF9A2287C44 /* Pods-Neobis_IOS_ToDoApp-Neobis_IOS_ToDoAppUITests.release.xcconfig */ = {isa = PBXFileReference; includeInIndex = 1; lastKnownFileType = text.xcconfig; name = "Pods-Neobis_IOS_ToDoApp-Neobis_IOS_ToDoAppUITests.release.xcconfig"; path = "Target Support Files/Pods-Neobis_IOS_ToDoApp-Neobis_IOS_ToDoAppUITests/Pods-Neobis_IOS_ToDoApp-Neobis_IOS_ToDoAppUITests.release.xcconfig"; sourceTree = "<group>"; };
		CC58B88D09D745CCAD076896 /* Pods-Neobis_IOS_ToDoApp-Neobis_IOS_ToDoAppUITests.debug.xcconfig */ = {isa = PBXFileReference; includeInIndex = 1; lastKnownFileType = text.xcconfig; name = "Pods-Neobis_IOS_ToDoApp-Neobis_IOS_ToDoAppUITests.debug.xcconfig"; path = "Target Support Files/Pods-Neobis_IOS_ToDoApp-Neobis_IOS_ToDoAppUITests/Pods-Neobis_IOS_ToDoApp-Neobis_IOS_ToDoAppUITests.debug.xcconfig"; sourceTree = "<group>"; };
		CCC83FD309A686EB1097B86D /* Pods_Neobis_IOS_ToDoAppTests.framework */ = {isa = PBXFileReference; explicitFileType = wrapper.framework; includeInIndex = 0; path = Pods_Neobis_IOS_ToDoAppTests.framework; sourceTree = BUILT_PRODUCTS_DIR; };
		D20DB9215EFDCB6C8EBE1563 /* Pods_Neobis_IOS_ToDoApp.framework */ = {isa = PBXFileReference; explicitFileType = wrapper.framework; includeInIndex = 0; path = Pods_Neobis_IOS_ToDoApp.framework; sourceTree = BUILT_PRODUCTS_DIR; };
/* End PBXFileReference section */

/* Begin PBXFrameworksBuildPhase section */
		C6D34EAF29DADF8B00F769DB /* Frameworks */ = {
			isa = PBXFrameworksBuildPhase;
			buildActionMask = 2147483647;
			files = (
				B628D3BD3056DC32637FB2A1 /* Pods_Neobis_IOS_ToDoApp.framework in Frameworks */,
			);
			runOnlyForDeploymentPostprocessing = 0;
		};
		C6D34EC529DADF8C00F769DB /* Frameworks */ = {
			isa = PBXFrameworksBuildPhase;
			buildActionMask = 2147483647;
			files = (
				7275975DF32F1EE27021F62E /* Pods_Neobis_IOS_ToDoAppTests.framework in Frameworks */,
			);
			runOnlyForDeploymentPostprocessing = 0;
		};
		C6D34ECF29DADF8C00F769DB /* Frameworks */ = {
			isa = PBXFrameworksBuildPhase;
			buildActionMask = 2147483647;
			files = (
				084A13778635F4DDB9EEFD44 /* Pods_Neobis_IOS_ToDoApp_Neobis_IOS_ToDoAppUITests.framework in Frameworks */,
			);
			runOnlyForDeploymentPostprocessing = 0;
		};
/* End PBXFrameworksBuildPhase section */

/* Begin PBXGroup section */
		923C9E21AF3F2F801263AED5 /* Pods */ = {
			isa = PBXGroup;
			children = (
				82149DE847691B3D79981D38 /* Pods-Neobis_IOS_ToDoApp.debug.xcconfig */,
				A6DD6030B0D6F74642844D4D /* Pods-Neobis_IOS_ToDoApp.release.xcconfig */,
				CC58B88D09D745CCAD076896 /* Pods-Neobis_IOS_ToDoApp-Neobis_IOS_ToDoAppUITests.debug.xcconfig */,
				C8A5211700213BF9A2287C44 /* Pods-Neobis_IOS_ToDoApp-Neobis_IOS_ToDoAppUITests.release.xcconfig */,
				BA128BE7D2D2CAE1A75061FF /* Pods-Neobis_IOS_ToDoAppTests.debug.xcconfig */,
				734C5C72E989F68B5A8FA746 /* Pods-Neobis_IOS_ToDoAppTests.release.xcconfig */,
			);
			path = Pods;
			sourceTree = "<group>";
		};
		C683A21B29DAECBE00797535 /* Cells */ = {
			isa = PBXGroup;
			children = (
				C683A22C29DB6AD200797535 /* MainTableViewCell.swift */,
				C683A24329DD0A2700797535 /* MainTableViewFooter.swift */,
			);
			path = Cells;
			sourceTree = "<group>";
		};
		C683A21E29DAEE8800797535 /* Tests */ = {
			isa = PBXGroup;
			children = (
				C6D34ECB29DADF8C00F769DB /* Neobis_IOS_ToDoAppTests */,
				C6D34ED529DADF8C00F769DB /* Neobis_IOS_ToDoAppUITests */,
			);
			path = Tests;
			sourceTree = "<group>";
		};
		C683A22129DB238200797535 /* View */ = {
			isa = PBXGroup;
			children = (
				C683A21B29DAECBE00797535 /* Cells */,
				C683A21729DAE63700797535 /* MainScreenViewController.swift */,
			);
			path = View;
			sourceTree = "<group>";
		};
		C683A22229DB238500797535 /* Model */ = {
			isa = PBXGroup;
			children = (
				C683A22629DB23BA00797535 /* ToDoModel.swift */,
			);
			path = Model;
			sourceTree = "<group>";
		};
		C683A22329DB238800797535 /* Presenter */ = {
			isa = PBXGroup;
			children = (
				C683A22429DB23AA00797535 /* MainScreenPresenter.swift */,
			);
			path = Presenter;
			sourceTree = "<group>";
		};
		C683A23C29DCE51C00797535 /* CustomElements */ = {
			isa = PBXGroup;
			children = (
				C683A23D29DCE52A00797535 /* CustomElements.swift */,
			);
			path = CustomElements;
			sourceTree = "<group>";
		};
		C683A23F29DCEA0500797535 /* View */ = {
			isa = PBXGroup;
			children = (
				C683A21929DAE94800797535 /* DetailScreenViewController.swift */,
			);
			path = View;
			sourceTree = "<group>";
		};
		C683A24029DCEA0A00797535 /* Presenter */ = {
			isa = PBXGroup;
			children = (
				C683A24129DCEA5F00797535 /* DetailScreenPresenter.swift */,
			);
			path = Presenter;
			sourceTree = "<group>";
		};
		C6A620ECCAA4918478AE51A1 /* Frameworks */ = {
			isa = PBXGroup;
			children = (
				D20DB9215EFDCB6C8EBE1563 /* Pods_Neobis_IOS_ToDoApp.framework */,
				02D30753EB001BF845AD70EC /* Pods_Neobis_IOS_ToDoApp_Neobis_IOS_ToDoAppUITests.framework */,
				CCC83FD309A686EB1097B86D /* Pods_Neobis_IOS_ToDoAppTests.framework */,
			);
			name = Frameworks;
			sourceTree = "<group>";
		};
		C6D34EA929DADF8B00F769DB = {
			isa = PBXGroup;
			children = (
				C6D34EB429DADF8B00F769DB /* Neobis_IOS_ToDoApp */,
				C683A21E29DAEE8800797535 /* Tests */,
				C6D34EB329DADF8B00F769DB /* Products */,
				923C9E21AF3F2F801263AED5 /* Pods */,
				C6A620ECCAA4918478AE51A1 /* Frameworks */,
			);
			sourceTree = "<group>";
		};
		C6D34EB329DADF8B00F769DB /* Products */ = {
			isa = PBXGroup;
			children = (
				C6D34EB229DADF8B00F769DB /* Neobis_IOS_ToDoApp.app */,
				C6D34EC829DADF8C00F769DB /* Neobis_IOS_ToDoAppTests.xctest */,
				C6D34ED229DADF8C00F769DB /* Neobis_IOS_ToDoAppUITests.xctest */,
			);
			name = Products;
			sourceTree = "<group>";
		};
		C6D34EB429DADF8B00F769DB /* Neobis_IOS_ToDoApp */ = {
			isa = PBXGroup;
			children = (
				C6D34EE929DADF9F00F769DB /* Helpers */,
				C6D34EE729DADF9700F769DB /* Application */,
				C6D34EE529DADF9000F769DB /* Core */,
				C6D34EE829DADF9A00F769DB /* Resources */,
			);
			path = Neobis_IOS_ToDoApp;
			sourceTree = "<group>";
		};
		C6D34ECB29DADF8C00F769DB /* Neobis_IOS_ToDoAppTests */ = {
			isa = PBXGroup;
			children = (
				C6D34ECC29DADF8C00F769DB /* Neobis_IOS_ToDoAppTests.swift */,
			);
			path = Neobis_IOS_ToDoAppTests;
			sourceTree = "<group>";
		};
		C6D34ED529DADF8C00F769DB /* Neobis_IOS_ToDoAppUITests */ = {
			isa = PBXGroup;
			children = (
				C6D34ED629DADF8C00F769DB /* Neobis_IOS_ToDoAppUITests.swift */,
				C6D34ED829DADF8C00F769DB /* Neobis_IOS_ToDoAppUITestsLaunchTests.swift */,
			);
			path = Neobis_IOS_ToDoAppUITests;
			sourceTree = "<group>";
		};
		C6D34EE529DADF9000F769DB /* Core */ = {
			isa = PBXGroup;
			children = (
				C6D34EEA29DADFAD00F769DB /* Data */,
				C6D34EE629DADF9300F769DB /* UI */,
			);
			path = Core;
			sourceTree = "<group>";
		};
		C6D34EE629DADF9300F769DB /* UI */ = {
			isa = PBXGroup;
			children = (
				C683A23C29DCE51C00797535 /* CustomElements */,
				C6D34EEB29DADFB200F769DB /* Screens */,
			);
			path = UI;
			sourceTree = "<group>";
		};
		C6D34EE729DADF9700F769DB /* Application */ = {
			isa = PBXGroup;
			children = (
				C6D34EB529DADF8B00F769DB /* AppDelegate.swift */,
				C6D34EB729DADF8B00F769DB /* SceneDelegate.swift */,
			);
			path = Application;
			sourceTree = "<group>";
		};
		C6D34EE829DADF9A00F769DB /* Resources */ = {
			isa = PBXGroup;
			children = (
				C6D34EBE29DADF8C00F769DB /* Assets.xcassets */,
				C6D34EC029DADF8C00F769DB /* LaunchScreen.storyboard */,
				C6D34EC329DADF8C00F769DB /* Info.plist */,
			);
			path = Resources;
			sourceTree = "<group>";
		};
		C6D34EE929DADF9F00F769DB /* Helpers */ = {
			isa = PBXGroup;
			children = (
				C683A23829DCA9CC00797535 /* Resources.swift */,
			);
			path = Helpers;
			sourceTree = "<group>";
		};
		C6D34EEA29DADFAD00F769DB /* Data */ = {
			isa = PBXGroup;
			children = (
				C683A22A29DB252600797535 /* ToDoStorageService.swift */,
				C683A23029DC92E400797535 /* AssemblyBuilder.swift */,
				C683A23229DC92E900797535 /* Router.swift */,
				C683A23429DC9D8C00797535 /* NavigationController.swift */,
				C683A23629DCA8FF00797535 /* UDPropertyWrapper.swift */,
			);
			path = Data;
			sourceTree = "<group>";
		};
		C6D34EEB29DADFB200F769DB /* Screens */ = {
			isa = PBXGroup;
			children = (
				C6D34EEC29DADFB500F769DB /* MainScreen */,
				C6D34EED29DADFBD00F769DB /* DetailsScreen */,
			);
			path = Screens;
			sourceTree = "<group>";
		};
		C6D34EEC29DADFB500F769DB /* MainScreen */ = {
			isa = PBXGroup;
			children = (
				C683A22229DB238500797535 /* Model */,
				C683A22129DB238200797535 /* View */,
				C683A22329DB238800797535 /* Presenter */,
			);
			path = MainScreen;
			sourceTree = "<group>";
		};
		C6D34EED29DADFBD00F769DB /* DetailsScreen */ = {
			isa = PBXGroup;
			children = (
				C683A24029DCEA0A00797535 /* Presenter */,
				C683A23F29DCEA0500797535 /* View */,
			);
			path = DetailsScreen;
			sourceTree = "<group>";
		};
/* End PBXGroup section */

/* Begin PBXNativeTarget section */
		C6D34EB129DADF8B00F769DB /* Neobis_IOS_ToDoApp */ = {
			isa = PBXNativeTarget;
			buildConfigurationList = C6D34EDC29DADF8C00F769DB /* Build configuration list for PBXNativeTarget "Neobis_IOS_ToDoApp" */;
			buildPhases = (
				74BD8A24C8495E861F900B74 /* [CP] Check Pods Manifest.lock */,
				C6D34EAE29DADF8B00F769DB /* Sources */,
				C6D34EAF29DADF8B00F769DB /* Frameworks */,
				C6D34EB029DADF8B00F769DB /* Resources */,
				23855A2DDCA61B7959841F63 /* [CP] Embed Pods Frameworks */,
			);
			buildRules = (
			);
			dependencies = (
			);
			name = Neobis_IOS_ToDoApp;
			productName = Neobis_IOS_ToDoApp;
			productReference = C6D34EB229DADF8B00F769DB /* Neobis_IOS_ToDoApp.app */;
			productType = "com.apple.product-type.application";
		};
		C6D34EC729DADF8C00F769DB /* Neobis_IOS_ToDoAppTests */ = {
			isa = PBXNativeTarget;
			buildConfigurationList = C6D34EDF29DADF8C00F769DB /* Build configuration list for PBXNativeTarget "Neobis_IOS_ToDoAppTests" */;
			buildPhases = (
				C6BD010CACD237A7162E9C02 /* [CP] Check Pods Manifest.lock */,
				C6D34EC429DADF8C00F769DB /* Sources */,
				C6D34EC529DADF8C00F769DB /* Frameworks */,
				C6D34EC629DADF8C00F769DB /* Resources */,
			);
			buildRules = (
			);
			dependencies = (
				C6D34ECA29DADF8C00F769DB /* PBXTargetDependency */,
			);
			name = Neobis_IOS_ToDoAppTests;
			productName = Neobis_IOS_ToDoAppTests;
			productReference = C6D34EC829DADF8C00F769DB /* Neobis_IOS_ToDoAppTests.xctest */;
			productType = "com.apple.product-type.bundle.unit-test";
		};
		C6D34ED129DADF8C00F769DB /* Neobis_IOS_ToDoAppUITests */ = {
			isa = PBXNativeTarget;
			buildConfigurationList = C6D34EE229DADF8C00F769DB /* Build configuration list for PBXNativeTarget "Neobis_IOS_ToDoAppUITests" */;
			buildPhases = (
				D15AD7CF37A5DBAFAC3B3F79 /* [CP] Check Pods Manifest.lock */,
				C6D34ECE29DADF8C00F769DB /* Sources */,
				C6D34ECF29DADF8C00F769DB /* Frameworks */,
				C6D34ED029DADF8C00F769DB /* Resources */,
				D3F59F828840516710B0C4DA /* [CP] Embed Pods Frameworks */,
			);
			buildRules = (
			);
			dependencies = (
				C6D34ED429DADF8C00F769DB /* PBXTargetDependency */,
			);
			name = Neobis_IOS_ToDoAppUITests;
			productName = Neobis_IOS_ToDoAppUITests;
			productReference = C6D34ED229DADF8C00F769DB /* Neobis_IOS_ToDoAppUITests.xctest */;
			productType = "com.apple.product-type.bundle.ui-testing";
		};
/* End PBXNativeTarget section */

/* Begin PBXProject section */
		C6D34EAA29DADF8B00F769DB /* Project object */ = {
			isa = PBXProject;
			attributes = {
				BuildIndependentTargetsInParallel = 1;
				LastSwiftUpdateCheck = 1410;
				LastUpgradeCheck = 1410;
				TargetAttributes = {
					C6D34EB129DADF8B00F769DB = {
						CreatedOnToolsVersion = 14.1;
					};
					C6D34EC729DADF8C00F769DB = {
						CreatedOnToolsVersion = 14.1;
						TestTargetID = C6D34EB129DADF8B00F769DB;
					};
					C6D34ED129DADF8C00F769DB = {
						CreatedOnToolsVersion = 14.1;
						TestTargetID = C6D34EB129DADF8B00F769DB;
					};
				};
			};
			buildConfigurationList = C6D34EAD29DADF8B00F769DB /* Build configuration list for PBXProject "Neobis_IOS_ToDoApp" */;
			compatibilityVersion = "Xcode 14.0";
			developmentRegion = en;
			hasScannedForEncodings = 0;
			knownRegions = (
				en,
				Base,
			);
			mainGroup = C6D34EA929DADF8B00F769DB;
			productRefGroup = C6D34EB329DADF8B00F769DB /* Products */;
			projectDirPath = "";
			projectRoot = "";
			targets = (
				C6D34EB129DADF8B00F769DB /* Neobis_IOS_ToDoApp */,
				C6D34EC729DADF8C00F769DB /* Neobis_IOS_ToDoAppTests */,
				C6D34ED129DADF8C00F769DB /* Neobis_IOS_ToDoAppUITests */,
			);
		};
/* End PBXProject section */

/* Begin PBXResourcesBuildPhase section */
		C6D34EB029DADF8B00F769DB /* Resources */ = {
			isa = PBXResourcesBuildPhase;
			buildActionMask = 2147483647;
			files = (
				C6D34EC229DADF8C00F769DB /* LaunchScreen.storyboard in Resources */,
				C6D34EBF29DADF8C00F769DB /* Assets.xcassets in Resources */,
			);
			runOnlyForDeploymentPostprocessing = 0;
		};
		C6D34EC629DADF8C00F769DB /* Resources */ = {
			isa = PBXResourcesBuildPhase;
			buildActionMask = 2147483647;
			files = (
			);
			runOnlyForDeploymentPostprocessing = 0;
		};
		C6D34ED029DADF8C00F769DB /* Resources */ = {
			isa = PBXResourcesBuildPhase;
			buildActionMask = 2147483647;
			files = (
			);
			runOnlyForDeploymentPostprocessing = 0;
		};
/* End PBXResourcesBuildPhase section */

/* Begin PBXShellScriptBuildPhase section */
		23855A2DDCA61B7959841F63 /* [CP] Embed Pods Frameworks */ = {
			isa = PBXShellScriptBuildPhase;
			buildActionMask = 2147483647;
			files = (
			);
			inputFileListPaths = (
				"${PODS_ROOT}/Target Support Files/Pods-Neobis_IOS_ToDoApp/Pods-Neobis_IOS_ToDoApp-frameworks-${CONFIGURATION}-input-files.xcfilelist",
			);
			name = "[CP] Embed Pods Frameworks";
			outputFileListPaths = (
				"${PODS_ROOT}/Target Support Files/Pods-Neobis_IOS_ToDoApp/Pods-Neobis_IOS_ToDoApp-frameworks-${CONFIGURATION}-output-files.xcfilelist",
			);
			runOnlyForDeploymentPostprocessing = 0;
			shellPath = /bin/sh;
			shellScript = "\"${PODS_ROOT}/Target Support Files/Pods-Neobis_IOS_ToDoApp/Pods-Neobis_IOS_ToDoApp-frameworks.sh\"\n";
			showEnvVarsInLog = 0;
		};
		74BD8A24C8495E861F900B74 /* [CP] Check Pods Manifest.lock */ = {
			isa = PBXShellScriptBuildPhase;
			buildActionMask = 2147483647;
			files = (
			);
			inputFileListPaths = (
			);
			inputPaths = (
				"${PODS_PODFILE_DIR_PATH}/Podfile.lock",
				"${PODS_ROOT}/Manifest.lock",
			);
			name = "[CP] Check Pods Manifest.lock";
			outputFileListPaths = (
			);
			outputPaths = (
				"$(DERIVED_FILE_DIR)/Pods-Neobis_IOS_ToDoApp-checkManifestLockResult.txt",
			);
			runOnlyForDeploymentPostprocessing = 0;
			shellPath = /bin/sh;
			shellScript = "diff \"${PODS_PODFILE_DIR_PATH}/Podfile.lock\" \"${PODS_ROOT}/Manifest.lock\" > /dev/null\nif [ $? != 0 ] ; then\n    # print error to STDERR\n    echo \"error: The sandbox is not in sync with the Podfile.lock. Run 'pod install' or update your CocoaPods installation.\" >&2\n    exit 1\nfi\n# This output is used by Xcode 'outputs' to avoid re-running this script phase.\necho \"SUCCESS\" > \"${SCRIPT_OUTPUT_FILE_0}\"\n";
			showEnvVarsInLog = 0;
		};
		C6BD010CACD237A7162E9C02 /* [CP] Check Pods Manifest.lock */ = {
			isa = PBXShellScriptBuildPhase;
			buildActionMask = 2147483647;
			files = (
			);
			inputFileListPaths = (
			);
			inputPaths = (
				"${PODS_PODFILE_DIR_PATH}/Podfile.lock",
				"${PODS_ROOT}/Manifest.lock",
			);
			name = "[CP] Check Pods Manifest.lock";
			outputFileListPaths = (
			);
			outputPaths = (
				"$(DERIVED_FILE_DIR)/Pods-Neobis_IOS_ToDoAppTests-checkManifestLockResult.txt",
			);
			runOnlyForDeploymentPostprocessing = 0;
			shellPath = /bin/sh;
			shellScript = "diff \"${PODS_PODFILE_DIR_PATH}/Podfile.lock\" \"${PODS_ROOT}/Manifest.lock\" > /dev/null\nif [ $? != 0 ] ; then\n    # print error to STDERR\n    echo \"error: The sandbox is not in sync with the Podfile.lock. Run 'pod install' or update your CocoaPods installation.\" >&2\n    exit 1\nfi\n# This output is used by Xcode 'outputs' to avoid re-running this script phase.\necho \"SUCCESS\" > \"${SCRIPT_OUTPUT_FILE_0}\"\n";
			showEnvVarsInLog = 0;
		};
		D15AD7CF37A5DBAFAC3B3F79 /* [CP] Check Pods Manifest.lock */ = {
			isa = PBXShellScriptBuildPhase;
			buildActionMask = 2147483647;
			files = (
			);
			inputFileListPaths = (
			);
			inputPaths = (
				"${PODS_PODFILE_DIR_PATH}/Podfile.lock",
				"${PODS_ROOT}/Manifest.lock",
			);
			name = "[CP] Check Pods Manifest.lock";
			outputFileListPaths = (
			);
			outputPaths = (
				"$(DERIVED_FILE_DIR)/Pods-Neobis_IOS_ToDoApp-Neobis_IOS_ToDoAppUITests-checkManifestLockResult.txt",
			);
			runOnlyForDeploymentPostprocessing = 0;
			shellPath = /bin/sh;
			shellScript = "diff \"${PODS_PODFILE_DIR_PATH}/Podfile.lock\" \"${PODS_ROOT}/Manifest.lock\" > /dev/null\nif [ $? != 0 ] ; then\n    # print error to STDERR\n    echo \"error: The sandbox is not in sync with the Podfile.lock. Run 'pod install' or update your CocoaPods installation.\" >&2\n    exit 1\nfi\n# This output is used by Xcode 'outputs' to avoid re-running this script phase.\necho \"SUCCESS\" > \"${SCRIPT_OUTPUT_FILE_0}\"\n";
			showEnvVarsInLog = 0;
		};
		D3F59F828840516710B0C4DA /* [CP] Embed Pods Frameworks */ = {
			isa = PBXShellScriptBuildPhase;
			buildActionMask = 2147483647;
			files = (
			);
			inputFileListPaths = (
				"${PODS_ROOT}/Target Support Files/Pods-Neobis_IOS_ToDoApp-Neobis_IOS_ToDoAppUITests/Pods-Neobis_IOS_ToDoApp-Neobis_IOS_ToDoAppUITests-frameworks-${CONFIGURATION}-input-files.xcfilelist",
			);
			name = "[CP] Embed Pods Frameworks";
			outputFileListPaths = (
				"${PODS_ROOT}/Target Support Files/Pods-Neobis_IOS_ToDoApp-Neobis_IOS_ToDoAppUITests/Pods-Neobis_IOS_ToDoApp-Neobis_IOS_ToDoAppUITests-frameworks-${CONFIGURATION}-output-files.xcfilelist",
			);
			runOnlyForDeploymentPostprocessing = 0;
			shellPath = /bin/sh;
			shellScript = "\"${PODS_ROOT}/Target Support Files/Pods-Neobis_IOS_ToDoApp-Neobis_IOS_ToDoAppUITests/Pods-Neobis_IOS_ToDoApp-Neobis_IOS_ToDoAppUITests-frameworks.sh\"\n";
			showEnvVarsInLog = 0;
		};
/* End PBXShellScriptBuildPhase section */

/* Begin PBXSourcesBuildPhase section */
		C6D34EAE29DADF8B00F769DB /* Sources */ = {
			isa = PBXSourcesBuildPhase;
			buildActionMask = 2147483647;
			files = (
				C683A22D29DB6AD200797535 /* MainTableViewCell.swift in Sources */,
				C683A22729DB23BA00797535 /* ToDoModel.swift in Sources */,
				C683A23129DC92E400797535 /* AssemblyBuilder.swift in Sources */,
				C683A21A29DAE94800797535 /* DetailScreenViewController.swift in Sources */,
				C683A23929DCA9CC00797535 /* Resources.swift in Sources */,
				C683A23529DC9D8C00797535 /* NavigationController.swift in Sources */,
				C683A24229DCEA5F00797535 /* DetailScreenPresenter.swift in Sources */,
				C683A23E29DCE52A00797535 /* CustomElements.swift in Sources */,
				C683A21829DAE63700797535 /* MainScreenViewController.swift in Sources */,
				C6D34EB629DADF8B00F769DB /* AppDelegate.swift in Sources */,
				C683A22B29DB252600797535 /* ToDoStorageService.swift in Sources */,
				C683A24429DD0A2700797535 /* MainTableViewFooter.swift in Sources */,
				C683A22529DB23AA00797535 /* MainScreenPresenter.swift in Sources */,
				C683A23729DCA8FF00797535 /* UDPropertyWrapper.swift in Sources */,
				C6D34EB829DADF8B00F769DB /* SceneDelegate.swift in Sources */,
				C683A23329DC92E900797535 /* Router.swift in Sources */,
			);
			runOnlyForDeploymentPostprocessing = 0;
		};
		C6D34EC429DADF8C00F769DB /* Sources */ = {
			isa = PBXSourcesBuildPhase;
			buildActionMask = 2147483647;
			files = (
				C6D34ECD29DADF8C00F769DB /* Neobis_IOS_ToDoAppTests.swift in Sources */,
			);
			runOnlyForDeploymentPostprocessing = 0;
		};
		C6D34ECE29DADF8C00F769DB /* Sources */ = {
			isa = PBXSourcesBuildPhase;
			buildActionMask = 2147483647;
			files = (
				C6D34ED929DADF8C00F769DB /* Neobis_IOS_ToDoAppUITestsLaunchTests.swift in Sources */,
				C6D34ED729DADF8C00F769DB /* Neobis_IOS_ToDoAppUITests.swift in Sources */,
			);
			runOnlyForDeploymentPostprocessing = 0;
		};
/* End PBXSourcesBuildPhase section */

/* Begin PBXTargetDependency section */
		C6D34ECA29DADF8C00F769DB /* PBXTargetDependency */ = {
			isa = PBXTargetDependency;
			target = C6D34EB129DADF8B00F769DB /* Neobis_IOS_ToDoApp */;
			targetProxy = C6D34EC929DADF8C00F769DB /* PBXContainerItemProxy */;
		};
		C6D34ED429DADF8C00F769DB /* PBXTargetDependency */ = {
			isa = PBXTargetDependency;
			target = C6D34EB129DADF8B00F769DB /* Neobis_IOS_ToDoApp */;
			targetProxy = C6D34ED329DADF8C00F769DB /* PBXContainerItemProxy */;
		};
/* End PBXTargetDependency section */

/* Begin PBXVariantGroup section */
		C6D34EC029DADF8C00F769DB /* LaunchScreen.storyboard */ = {
			isa = PBXVariantGroup;
			children = (
				C6D34EC129DADF8C00F769DB /* Base */,
			);
			name = LaunchScreen.storyboard;
			sourceTree = "<group>";
		};
/* End PBXVariantGroup section */

/* Begin XCBuildConfiguration section */
		C6D34EDA29DADF8C00F769DB /* Debug */ = {
			isa = XCBuildConfiguration;
			buildSettings = {
				ALWAYS_SEARCH_USER_PATHS = NO;
				CLANG_ANALYZER_NONNULL = YES;
				CLANG_ANALYZER_NUMBER_OBJECT_CONVERSION = YES_AGGRESSIVE;
				CLANG_CXX_LANGUAGE_STANDARD = "gnu++20";
				CLANG_ENABLE_MODULES = YES;
				CLANG_ENABLE_OBJC_ARC = YES;
				CLANG_ENABLE_OBJC_WEAK = YES;
				CLANG_WARN_BLOCK_CAPTURE_AUTORELEASING = YES;
				CLANG_WARN_BOOL_CONVERSION = YES;
				CLANG_WARN_COMMA = YES;
				CLANG_WARN_CONSTANT_CONVERSION = YES;
				CLANG_WARN_DEPRECATED_OBJC_IMPLEMENTATIONS = YES;
				CLANG_WARN_DIRECT_OBJC_ISA_USAGE = YES_ERROR;
				CLANG_WARN_DOCUMENTATION_COMMENTS = YES;
				CLANG_WARN_EMPTY_BODY = YES;
				CLANG_WARN_ENUM_CONVERSION = YES;
				CLANG_WARN_INFINITE_RECURSION = YES;
				CLANG_WARN_INT_CONVERSION = YES;
				CLANG_WARN_NON_LITERAL_NULL_CONVERSION = YES;
				CLANG_WARN_OBJC_IMPLICIT_RETAIN_SELF = YES;
				CLANG_WARN_OBJC_LITERAL_CONVERSION = YES;
				CLANG_WARN_OBJC_ROOT_CLASS = YES_ERROR;
				CLANG_WARN_QUOTED_INCLUDE_IN_FRAMEWORK_HEADER = YES;
				CLANG_WARN_RANGE_LOOP_ANALYSIS = YES;
				CLANG_WARN_STRICT_PROTOTYPES = YES;
				CLANG_WARN_SUSPICIOUS_MOVE = YES;
				CLANG_WARN_UNGUARDED_AVAILABILITY = YES_AGGRESSIVE;
				CLANG_WARN_UNREACHABLE_CODE = YES;
				CLANG_WARN__DUPLICATE_METHOD_MATCH = YES;
				COPY_PHASE_STRIP = NO;
				DEBUG_INFORMATION_FORMAT = dwarf;
				ENABLE_STRICT_OBJC_MSGSEND = YES;
				ENABLE_TESTABILITY = YES;
				GCC_C_LANGUAGE_STANDARD = gnu11;
				GCC_DYNAMIC_NO_PIC = NO;
				GCC_NO_COMMON_BLOCKS = YES;
				GCC_OPTIMIZATION_LEVEL = 0;
				GCC_PREPROCESSOR_DEFINITIONS = (
					"DEBUG=1",
					"$(inherited)",
				);
				GCC_WARN_64_TO_32_BIT_CONVERSION = YES;
				GCC_WARN_ABOUT_RETURN_TYPE = YES_ERROR;
				GCC_WARN_UNDECLARED_SELECTOR = YES;
				GCC_WARN_UNINITIALIZED_AUTOS = YES_AGGRESSIVE;
				GCC_WARN_UNUSED_FUNCTION = YES;
				GCC_WARN_UNUSED_VARIABLE = YES;
				IPHONEOS_DEPLOYMENT_TARGET = 16.1;
				MTL_ENABLE_DEBUG_INFO = INCLUDE_SOURCE;
				MTL_FAST_MATH = YES;
				ONLY_ACTIVE_ARCH = YES;
				SDKROOT = iphoneos;
				SWIFT_ACTIVE_COMPILATION_CONDITIONS = DEBUG;
				SWIFT_OPTIMIZATION_LEVEL = "-Onone";
			};
			name = Debug;
		};
		C6D34EDB29DADF8C00F769DB /* Release */ = {
			isa = XCBuildConfiguration;
			buildSettings = {
				ALWAYS_SEARCH_USER_PATHS = NO;
				CLANG_ANALYZER_NONNULL = YES;
				CLANG_ANALYZER_NUMBER_OBJECT_CONVERSION = YES_AGGRESSIVE;
				CLANG_CXX_LANGUAGE_STANDARD = "gnu++20";
				CLANG_ENABLE_MODULES = YES;
				CLANG_ENABLE_OBJC_ARC = YES;
				CLANG_ENABLE_OBJC_WEAK = YES;
				CLANG_WARN_BLOCK_CAPTURE_AUTORELEASING = YES;
				CLANG_WARN_BOOL_CONVERSION = YES;
				CLANG_WARN_COMMA = YES;
				CLANG_WARN_CONSTANT_CONVERSION = YES;
				CLANG_WARN_DEPRECATED_OBJC_IMPLEMENTATIONS = YES;
				CLANG_WARN_DIRECT_OBJC_ISA_USAGE = YES_ERROR;
				CLANG_WARN_DOCUMENTATION_COMMENTS = YES;
				CLANG_WARN_EMPTY_BODY = YES;
				CLANG_WARN_ENUM_CONVERSION = YES;
				CLANG_WARN_INFINITE_RECURSION = YES;
				CLANG_WARN_INT_CONVERSION = YES;
				CLANG_WARN_NON_LITERAL_NULL_CONVERSION = YES;
				CLANG_WARN_OBJC_IMPLICIT_RETAIN_SELF = YES;
				CLANG_WARN_OBJC_LITERAL_CONVERSION = YES;
				CLANG_WARN_OBJC_ROOT_CLASS = YES_ERROR;
				CLANG_WARN_QUOTED_INCLUDE_IN_FRAMEWORK_HEADER = YES;
				CLANG_WARN_RANGE_LOOP_ANALYSIS = YES;
				CLANG_WARN_STRICT_PROTOTYPES = YES;
				CLANG_WARN_SUSPICIOUS_MOVE = YES;
				CLANG_WARN_UNGUARDED_AVAILABILITY = YES_AGGRESSIVE;
				CLANG_WARN_UNREACHABLE_CODE = YES;
				CLANG_WARN__DUPLICATE_METHOD_MATCH = YES;
				COPY_PHASE_STRIP = NO;
				DEBUG_INFORMATION_FORMAT = "dwarf-with-dsym";
				ENABLE_NS_ASSERTIONS = NO;
				ENABLE_STRICT_OBJC_MSGSEND = YES;
				GCC_C_LANGUAGE_STANDARD = gnu11;
				GCC_NO_COMMON_BLOCKS = YES;
				GCC_WARN_64_TO_32_BIT_CONVERSION = YES;
				GCC_WARN_ABOUT_RETURN_TYPE = YES_ERROR;
				GCC_WARN_UNDECLARED_SELECTOR = YES;
				GCC_WARN_UNINITIALIZED_AUTOS = YES_AGGRESSIVE;
				GCC_WARN_UNUSED_FUNCTION = YES;
				GCC_WARN_UNUSED_VARIABLE = YES;
				IPHONEOS_DEPLOYMENT_TARGET = 16.1;
				MTL_ENABLE_DEBUG_INFO = NO;
				MTL_FAST_MATH = YES;
				SDKROOT = iphoneos;
				SWIFT_COMPILATION_MODE = wholemodule;
				SWIFT_OPTIMIZATION_LEVEL = "-O";
				VALIDATE_PRODUCT = YES;
			};
			name = Release;
		};
		C6D34EDD29DADF8C00F769DB /* Debug */ = {
			isa = XCBuildConfiguration;
			baseConfigurationReference = 82149DE847691B3D79981D38 /* Pods-Neobis_IOS_ToDoApp.debug.xcconfig */;
			buildSettings = {
				ASSETCATALOG_COMPILER_APPICON_NAME = AppIcon;
				ASSETCATALOG_COMPILER_GLOBAL_ACCENT_COLOR_NAME = AccentColor;
				CODE_SIGN_STYLE = Automatic;
				CURRENT_PROJECT_VERSION = 1;
				GENERATE_INFOPLIST_FILE = YES;
				INFOPLIST_FILE = Neobis_IOS_ToDoApp/Resources/Info.plist;
				INFOPLIST_KEY_UIApplicationSupportsIndirectInputEvents = YES;
				INFOPLIST_KEY_UILaunchStoryboardName = LaunchScreen;
				INFOPLIST_KEY_UISupportedInterfaceOrientations_iPad = "UIInterfaceOrientationPortrait UIInterfaceOrientationPortraitUpsideDown UIInterfaceOrientationLandscapeLeft UIInterfaceOrientationLandscapeRight";
				INFOPLIST_KEY_UISupportedInterfaceOrientations_iPhone = "UIInterfaceOrientationPortrait UIInterfaceOrientationLandscapeLeft UIInterfaceOrientationLandscapeRight";
				LD_RUNPATH_SEARCH_PATHS = (
					"$(inherited)",
					"@executable_path/Frameworks",
				);
				MARKETING_VERSION = 1.0;
				PRODUCT_BUNDLE_IDENTIFIER = "ggg.Neobis-IOS-ToDoApp";
				PRODUCT_NAME = "$(TARGET_NAME)";
				SWIFT_EMIT_LOC_STRINGS = YES;
				SWIFT_VERSION = 5.0;
				TARGETED_DEVICE_FAMILY = "1,2";
			};
			name = Debug;
		};
		C6D34EDE29DADF8C00F769DB /* Release */ = {
			isa = XCBuildConfiguration;
			baseConfigurationReference = A6DD6030B0D6F74642844D4D /* Pods-Neobis_IOS_ToDoApp.release.xcconfig */;
			buildSettings = {
				ASSETCATALOG_COMPILER_APPICON_NAME = AppIcon;
				ASSETCATALOG_COMPILER_GLOBAL_ACCENT_COLOR_NAME = AccentColor;
				CODE_SIGN_STYLE = Automatic;
				CURRENT_PROJECT_VERSION = 1;
				GENERATE_INFOPLIST_FILE = YES;
				INFOPLIST_FILE = Neobis_IOS_ToDoApp/Resources/Info.plist;
				INFOPLIST_KEY_UIApplicationSupportsIndirectInputEvents = YES;
				INFOPLIST_KEY_UILaunchStoryboardName = LaunchScreen;
				INFOPLIST_KEY_UISupportedInterfaceOrientations_iPad = "UIInterfaceOrientationPortrait UIInterfaceOrientationPortraitUpsideDown UIInterfaceOrientationLandscapeLeft UIInterfaceOrientationLandscapeRight";
				INFOPLIST_KEY_UISupportedInterfaceOrientations_iPhone = "UIInterfaceOrientationPortrait UIInterfaceOrientationLandscapeLeft UIInterfaceOrientationLandscapeRight";
				LD_RUNPATH_SEARCH_PATHS = (
					"$(inherited)",
					"@executable_path/Frameworks",
				);
				MARKETING_VERSION = 1.0;
				PRODUCT_BUNDLE_IDENTIFIER = "ggg.Neobis-IOS-ToDoApp";
				PRODUCT_NAME = "$(TARGET_NAME)";
				SWIFT_EMIT_LOC_STRINGS = YES;
				SWIFT_VERSION = 5.0;
				TARGETED_DEVICE_FAMILY = "1,2";
			};
			name = Release;
		};
		C6D34EE029DADF8C00F769DB /* Debug */ = {
			isa = XCBuildConfiguration;
			baseConfigurationReference = BA128BE7D2D2CAE1A75061FF /* Pods-Neobis_IOS_ToDoAppTests.debug.xcconfig */;
			buildSettings = {
				ALWAYS_EMBED_SWIFT_STANDARD_LIBRARIES = YES;
				BUNDLE_LOADER = "$(TEST_HOST)";
				CODE_SIGN_STYLE = Automatic;
				CURRENT_PROJECT_VERSION = 1;
				GENERATE_INFOPLIST_FILE = YES;
				IPHONEOS_DEPLOYMENT_TARGET = 16.1;
				MARKETING_VERSION = 1.0;
				PRODUCT_BUNDLE_IDENTIFIER = "ggg.Neobis-IOS-ToDoAppTests";
				PRODUCT_NAME = "$(TARGET_NAME)";
				SWIFT_EMIT_LOC_STRINGS = NO;
				SWIFT_VERSION = 5.0;
				TARGETED_DEVICE_FAMILY = "1,2";
				TEST_HOST = "$(BUILT_PRODUCTS_DIR)/Neobis_IOS_ToDoApp.app/$(BUNDLE_EXECUTABLE_FOLDER_PATH)/Neobis_IOS_ToDoApp";
			};
			name = Debug;
		};
		C6D34EE129DADF8C00F769DB /* Release */ = {
			isa = XCBuildConfiguration;
			baseConfigurationReference = 734C5C72E989F68B5A8FA746 /* Pods-Neobis_IOS_ToDoAppTests.release.xcconfig */;
			buildSettings = {
				ALWAYS_EMBED_SWIFT_STANDARD_LIBRARIES = YES;
				BUNDLE_LOADER = "$(TEST_HOST)";
				CODE_SIGN_STYLE = Automatic;
				CURRENT_PROJECT_VERSION = 1;
				GENERATE_INFOPLIST_FILE = YES;
				IPHONEOS_DEPLOYMENT_TARGET = 16.1;
				MARKETING_VERSION = 1.0;
				PRODUCT_BUNDLE_IDENTIFIER = "ggg.Neobis-IOS-ToDoAppTests";
				PRODUCT_NAME = "$(TARGET_NAME)";
				SWIFT_EMIT_LOC_STRINGS = NO;
				SWIFT_VERSION = 5.0;
				TARGETED_DEVICE_FAMILY = "1,2";
				TEST_HOST = "$(BUILT_PRODUCTS_DIR)/Neobis_IOS_ToDoApp.app/$(BUNDLE_EXECUTABLE_FOLDER_PATH)/Neobis_IOS_ToDoApp";
			};
			name = Release;
		};
		C6D34EE329DADF8C00F769DB /* Debug */ = {
			isa = XCBuildConfiguration;
			baseConfigurationReference = CC58B88D09D745CCAD076896 /* Pods-Neobis_IOS_ToDoApp-Neobis_IOS_ToDoAppUITests.debug.xcconfig */;
			buildSettings = {
				ALWAYS_EMBED_SWIFT_STANDARD_LIBRARIES = YES;
				CODE_SIGN_STYLE = Automatic;
				CURRENT_PROJECT_VERSION = 1;
				GENERATE_INFOPLIST_FILE = YES;
				MARKETING_VERSION = 1.0;
				PRODUCT_BUNDLE_IDENTIFIER = "ggg.Neobis-IOS-ToDoAppUITests";
				PRODUCT_NAME = "$(TARGET_NAME)";
				SWIFT_EMIT_LOC_STRINGS = NO;
				SWIFT_VERSION = 5.0;
				TARGETED_DEVICE_FAMILY = "1,2";
				TEST_TARGET_NAME = Neobis_IOS_ToDoApp;
			};
			name = Debug;
		};
		C6D34EE429DADF8C00F769DB /* Release */ = {
			isa = XCBuildConfiguration;
			baseConfigurationReference = C8A5211700213BF9A2287C44 /* Pods-Neobis_IOS_ToDoApp-Neobis_IOS_ToDoAppUITests.release.xcconfig */;
			buildSettings = {
				ALWAYS_EMBED_SWIFT_STANDARD_LIBRARIES = YES;
				CODE_SIGN_STYLE = Automatic;
				CURRENT_PROJECT_VERSION = 1;
				GENERATE_INFOPLIST_FILE = YES;
				MARKETING_VERSION = 1.0;
				PRODUCT_BUNDLE_IDENTIFIER = "ggg.Neobis-IOS-ToDoAppUITests";
				PRODUCT_NAME = "$(TARGET_NAME)";
				SWIFT_EMIT_LOC_STRINGS = NO;
				SWIFT_VERSION = 5.0;
				TARGETED_DEVICE_FAMILY = "1,2";
				TEST_TARGET_NAME = Neobis_IOS_ToDoApp;
			};
			name = Release;
		};
/* End XCBuildConfiguration section */

/* Begin XCConfigurationList section */
		C6D34EAD29DADF8B00F769DB /* Build configuration list for PBXProject "Neobis_IOS_ToDoApp" */ = {
			isa = XCConfigurationList;
			buildConfigurations = (
				C6D34EDA29DADF8C00F769DB /* Debug */,
				C6D34EDB29DADF8C00F769DB /* Release */,
			);
			defaultConfigurationIsVisible = 0;
			defaultConfigurationName = Release;
		};
		C6D34EDC29DADF8C00F769DB /* Build configuration list for PBXNativeTarget "Neobis_IOS_ToDoApp" */ = {
			isa = XCConfigurationList;
			buildConfigurations = (
				C6D34EDD29DADF8C00F769DB /* Debug */,
				C6D34EDE29DADF8C00F769DB /* Release */,
			);
			defaultConfigurationIsVisible = 0;
			defaultConfigurationName = Release;
		};
		C6D34EDF29DADF8C00F769DB /* Build configuration list for PBXNativeTarget "Neobis_IOS_ToDoAppTests" */ = {
			isa = XCConfigurationList;
			buildConfigurations = (
				C6D34EE029DADF8C00F769DB /* Debug */,
				C6D34EE129DADF8C00F769DB /* Release */,
			);
			defaultConfigurationIsVisible = 0;
			defaultConfigurationName = Release;
		};
		C6D34EE229DADF8C00F769DB /* Build configuration list for PBXNativeTarget "Neobis_IOS_ToDoAppUITests" */ = {
			isa = XCConfigurationList;
			buildConfigurations = (
				C6D34EE329DADF8C00F769DB /* Debug */,
				C6D34EE429DADF8C00F769DB /* Release */,
			);
			defaultConfigurationIsVisible = 0;
			defaultConfigurationName = Release;
		};
/* End XCConfigurationList section */
	};
	rootObject = C6D34EAA29DADF8B00F769DB /* Project object */;
}
